
Microsoft Visual Studio Solution File, Format Version 12.00
# Visual Studio Version 17
VisualStudioVersion = 17.10.35027.167
MinimumVisualStudioVersion = 10.0.40219.1
Project("{FAE04EC0-301F-11D3-BF4B-00C04F79EFBC}") = "TaskITI", "TaskITI\TaskITI.csproj", "{F036DED3-B1A5-4D07-8C78-36FF5DFC8310}"
EndProject
Global
	GlobalSection(SolutionConfigurationPlatforms) = preSolution
		Debug|Any CPU = Debug|Any CPU
		Release|Any CPU = Release|Any CPU
	EndGlobalSection
	GlobalSection(ProjectConfigurationPlatforms) = postSolution
		{F036DED3-B1A5-4D07-8C78-36FF5DFC8310}.Debug|Any CPU.ActiveCfg = Debug|Any CPU
		{F036DED3-B1A5-4D07-8C78-36FF5DFC8310}.Debug|Any CPU.Build.0 = Debug|Any CPU
		{F036DED3-B1A5-4D07-8C78-36FF5DFC8310}.Release|Any CPU.ActiveCfg = Release|Any CPU
		{F036DED3-B1A5-4D07-8C78-36FF5DFC8310}.Release|Any CPU.Build.0 = Release|Any CPU
	EndGlobalSection
	GlobalSection(SolutionProperties) = preSolution
		HideSolutionNode = FALSE
	EndGlobalSection
	GlobalSection(ExtensibilityGlobals) = postSolution
		SolutionGuid = {A085FE29-F5CD-4A4C-B939-A9C412B87A9B}
	EndGlobalSection
EndGlobal
